
Microsoft Visual Studio Solution File, Format Version 12.00
# Visual Studio Version 16
VisualStudioVersion = 16.0.30011.22
MinimumVisualStudioVersion = 10.0.40219.1
Project("{9A19103F-16F7-4668-BE54-9A1E7A4F7556}") = "BandBooker", "BandBooker\BandBooker.csproj", "{B7144C16-F076-4409-A6C2-996A79AF44BD}"
EndProject
Project("{9A19103F-16F7-4668-BE54-9A1E7A4F7556}") = "BandBookerData", "..\BandBookerData\BandBookerData.csproj", "{6C1B1565-1440-4A95-8FFB-32B232555C9A}"
EndProject
Global
	GlobalSection(SolutionConfigurationPlatforms) = preSolution
		Debug|Any CPU = Debug|Any CPU
		Release|Any CPU = Release|Any CPU
	EndGlobalSection
	GlobalSection(ProjectConfigurationPlatforms) = postSolution
		{B7144C16-F076-4409-A6C2-996A79AF44BD}.Debug|Any CPU.ActiveCfg = Debug|Any CPU
		{B7144C16-F076-4409-A6C2-996A79AF44BD}.Debug|Any CPU.Build.0 = Debug|Any CPU
		{B7144C16-F076-4409-A6C2-996A79AF44BD}.Release|Any CPU.ActiveCfg = Release|Any CPU
		{B7144C16-F076-4409-A6C2-996A79AF44BD}.Release|Any CPU.Build.0 = Release|Any CPU
		{6C1B1565-1440-4A95-8FFB-32B232555C9A}.Debug|Any CPU.ActiveCfg = Debug|Any CPU
		{6C1B1565-1440-4A95-8FFB-32B232555C9A}.Debug|Any CPU.Build.0 = Debug|Any CPU
		{6C1B1565-1440-4A95-8FFB-32B232555C9A}.Release|Any CPU.ActiveCfg = Release|Any CPU
		{6C1B1565-1440-4A95-8FFB-32B232555C9A}.Release|Any CPU.Build.0 = Release|Any CPU
	EndGlobalSection
	GlobalSection(SolutionProperties) = preSolution
		HideSolutionNode = FALSE
	EndGlobalSection
	GlobalSection(ExtensibilityGlobals) = postSolution
		SolutionGuid = {7758B038-4F08-4538-9AA7-0D9D13D6CC07}
	EndGlobalSection
EndGlobal
